
Microsoft Visual Studio Solution File, Format Version 12.00
# Visual Studio Version 17
VisualStudioVersion = 17.0.32112.339
MinimumVisualStudioVersion = 10.0.40219.1
Project("{8BC9CEB8-8B4A-11D0-8D11-00A0C91BC942}") = "ATMsimulator", "ATMsimulator\ATMsimulator.vcxproj", "{B4116E19-08B6-41B4-AD01-673B7A6621C3}"
EndProject
Global
	GlobalSection(SolutionConfigurationPlatforms) = preSolution
		Debug|x64 = Debug|x64
		Debug|x86 = Debug|x86
		Release|x64 = Release|x64
		Release|x86 = Release|x86
	EndGlobalSection
	GlobalSection(ProjectConfigurationPlatforms) = postSolution
		{B4116E19-08B6-41B4-AD01-673B7A6621C3}.Debug|x64.ActiveCfg = Debug|x64
		{B4116E19-08B6-41B4-AD01-673B7A6621C3}.Debug|x64.Build.0 = Debug|x64
		{B4116E19-08B6-41B4-AD01-673B7A6621C3}.Debug|x86.ActiveCfg = Debug|Win32
		{B4116E19-08B6-41B4-AD01-673B7A6621C3}.Debug|x86.Build.0 = Debug|Win32
		{B4116E19-08B6-41B4-AD01-673B7A6621C3}.Release|x64.ActiveCfg = Release|x64
		{B4116E19-08B6-41B4-AD01-673B7A6621C3}.Release|x64.Build.0 = Release|x64
		{B4116E19-08B6-41B4-AD01-673B7A6621C3}.Release|x86.ActiveCfg = Release|Win32
		{B4116E19-08B6-41B4-AD01-673B7A6621C3}.Release|x86.Build.0 = Release|Win32
	EndGlobalSection
	GlobalSection(SolutionProperties) = preSolution
		HideSolutionNode = FALSE
	EndGlobalSection
	GlobalSection(ExtensibilityGlobals) = postSolution
		SolutionGuid = {4960C5E4-1213-43EF-9325-00221F031550}
	EndGlobalSection
EndGlobal
